
Microsoft Visual Studio Solution File, Format Version 12.00
# Visual Studio Version 17
VisualStudioVersion = 17.0.32112.339
MinimumVisualStudioVersion = 10.0.40219.1
Project("{9A19103F-16F7-4668-BE54-9A1E7A4F7556}") = "MG.Utils.AspNetCore", "MG.Utils.AspNetCore\MG.Utils.AspNetCore.csproj", "{A22B6A9F-BBB2-4526-9D50-8DCC2D6D9D69}"
EndProject
Project("{9A19103F-16F7-4668-BE54-9A1E7A4F7556}") = "MG.Utils.AspNetCore.I18N", "MG.Utils.AspNetCore.I18N\MG.Utils.AspNetCore.I18N.csproj", "{66EA3EF5-73CB-4C2E-846F-65C9CA0166F8}"
EndProject
Project("{9A19103F-16F7-4668-BE54-9A1E7A4F7556}") = "MG.Utils.AspNetCore.I18N.Tests", "MG.Utils.AspNetCore.I18N.Tests\MG.Utils.AspNetCore.I18N.Tests.csproj", "{140D333E-DB83-43AC-97BD-0D9399C0E95B}"
EndProject
Project("{9A19103F-16F7-4668-BE54-9A1E7A4F7556}") = "MG.Utils.AspNetCore.Middlewares", "MG.Utils.AspNetCore.Middlewares\MG.Utils.AspNetCore.Middlewares.csproj", "{C93B6551-BD7D-4690-ABC0-950DCC0CC9D3}"
EndProject
Project("{9A19103F-16F7-4668-BE54-9A1E7A4F7556}") = "MG.Utils.AspNetCore.Redis", "MG.Utils.AspNetCore.Redis\MG.Utils.AspNetCore.Redis.csproj", "{0DD26B4C-5E28-4F42-B255-33A4A59370FE}"
EndProject
Project("{9A19103F-16F7-4668-BE54-9A1E7A4F7556}") = "MG.Utils.AspNetCore.Swagger", "MG.Utils.AspNetCore.Swagger\MG.Utils.AspNetCore.Swagger.csproj", "{16BF7B06-B503-4B78-96C4-E9218ADF1847}"
EndProject
Project("{9A19103F-16F7-4668-BE54-9A1E7A4F7556}") = "MG.Utils.AspNetCore.Test", "MG.Utils.AspNetCore.Test\MG.Utils.AspNetCore.Test.csproj", "{1D92D41B-F353-433D-9D48-68E7697C7A4C}"
EndProject
Project("{9A19103F-16F7-4668-BE54-9A1E7A4F7556}") = "MG.Utils.EFCore", "MG.Utils.EFCore\MG.Utils.EFCore.csproj", "{6DD1E943-1E72-4731-8354-9385AF821338}"
EndProject
Project("{9A19103F-16F7-4668-BE54-9A1E7A4F7556}") = "MG.Utils.Export", "MG.Utils.Export\MG.Utils.Export.csproj", "{07BF12D6-173F-4CA5-9FC4-F973DFF5D07A}"
EndProject
Project("{9A19103F-16F7-4668-BE54-9A1E7A4F7556}") = "MG.Utils.Export.Test", "MG.Utils.Export.Test\MG.Utils.Export.Test.csproj", "{09943238-5BFD-4C73-BB41-0C75F40AF2F2}"
EndProject
Project("{9A19103F-16F7-4668-BE54-9A1E7A4F7556}") = "MG.Utils.Kafka", "MG.Utils.Kafka\MG.Utils.Kafka.csproj", "{0749A567-ABE9-49C2-A165-85700DF9FCC1}"
EndProject
Project("{9A19103F-16F7-4668-BE54-9A1E7A4F7556}") = "MG.Utils.Smtp", "MG.Utils.Smtp\MG.Utils.Smtp.csproj", "{218F6827-E2C7-445B-B161-AD9516F13586}"
EndProject
Project("{9A19103F-16F7-4668-BE54-9A1E7A4F7556}") = "MG.Utils.Smtp.Test", "MG.Utils.Smtp.Test\MG.Utils.Smtp.Test.csproj", "{9B1A0A47-FFCC-44BB-876F-367B59C77EB2}"
EndProject
Project("{9A19103F-16F7-4668-BE54-9A1E7A4F7556}") = "MG.Utils", "MG.Utils\MG.Utils.csproj", "{2D345A0E-6312-4BC3-8B99-6000A7B33868}"
EndProject
Project("{9A19103F-16F7-4668-BE54-9A1E7A4F7556}") = "MG.Utils.Authentication", "MG.Utils.Authentication\MG.Utils.Authentication.csproj", "{9CE25F7F-0E1C-45D9-8066-2D34F55C667F}"
EndProject
Project("{9A19103F-16F7-4668-BE54-9A1E7A4F7556}") = "MG.Utils.Abstract", "MG.Utils.Abstract\MG.Utils.Abstract.csproj", "{979839A7-E562-4D76-BC1F-C0A64F7CBC5E}"
EndProject
Project("{9A19103F-16F7-4668-BE54-9A1E7A4F7556}") = "MG.Utils.Abstract.Test", "MG.Utils.Abstract.Test\MG.Utils.Abstract.Test.csproj", "{C345BD90-5446-46EA-A892-4D66D3EB326C}"
EndProject
Project("{9A19103F-16F7-4668-BE54-9A1E7A4F7556}") = "MG.Utils.Validation", "MG.Utils.Validation\MG.Utils.Validation.csproj", "{064D65EF-0546-4B81-A44F-B674965B16C9}"
EndProject
Project("{9A19103F-16F7-4668-BE54-9A1E7A4F7556}") = "MG.Utils.Validation.Test", "MG.Utils.Validation.Test\MG.Utils.Validation.Test.csproj", "{A8ACBF89-A5AB-4529-AD93-4BD05A7652F3}"
EndProject
Project("{FAE04EC0-301F-11D3-BF4B-00C04F79EFBC}") = "MG.Utils.Elk.Logging", "MG.Utils.Elk.Logging\MG.Utils.Elk.Logging.csproj", "{98B1BCE0-BCCA-4E0E-B7DC-2B2820FFCE51}"
EndProject
Project("{FAE04EC0-301F-11D3-BF4B-00C04F79EFBC}") = "MG.Csv", "MG.Csv\MG.Csv.csproj", "{4DCA2944-ABAB-47B0-868A-921D088715D4}"
EndProject
Global
	GlobalSection(SolutionConfigurationPlatforms) = preSolution
		Debug|Any CPU = Debug|Any CPU
		Release|Any CPU = Release|Any CPU
	EndGlobalSection
	GlobalSection(ProjectConfigurationPlatforms) = postSolution
		{A22B6A9F-BBB2-4526-9D50-8DCC2D6D9D69}.Debug|Any CPU.ActiveCfg = Debug|Any CPU
		{A22B6A9F-BBB2-4526-9D50-8DCC2D6D9D69}.Debug|Any CPU.Build.0 = Debug|Any CPU
		{A22B6A9F-BBB2-4526-9D50-8DCC2D6D9D69}.Release|Any CPU.ActiveCfg = Release|Any CPU
		{A22B6A9F-BBB2-4526-9D50-8DCC2D6D9D69}.Release|Any CPU.Build.0 = Release|Any CPU
		{66EA3EF5-73CB-4C2E-846F-65C9CA0166F8}.Debug|Any CPU.ActiveCfg = Debug|Any CPU
		{66EA3EF5-73CB-4C2E-846F-65C9CA0166F8}.Debug|Any CPU.Build.0 = Debug|Any CPU
		{66EA3EF5-73CB-4C2E-846F-65C9CA0166F8}.Release|Any CPU.ActiveCfg = Release|Any CPU
		{66EA3EF5-73CB-4C2E-846F-65C9CA0166F8}.Release|Any CPU.Build.0 = Release|Any CPU
		{140D333E-DB83-43AC-97BD-0D9399C0E95B}.Debug|Any CPU.ActiveCfg = Debug|Any CPU
		{140D333E-DB83-43AC-97BD-0D9399C0E95B}.Debug|Any CPU.Build.0 = Debug|Any CPU
		{140D333E-DB83-43AC-97BD-0D9399C0E95B}.Release|Any CPU.ActiveCfg = Release|Any CPU
		{140D333E-DB83-43AC-97BD-0D9399C0E95B}.Release|Any CPU.Build.0 = Release|Any CPU
		{C93B6551-BD7D-4690-ABC0-950DCC0CC9D3}.Debug|Any CPU.ActiveCfg = Debug|Any CPU
		{C93B6551-BD7D-4690-ABC0-950DCC0CC9D3}.Debug|Any CPU.Build.0 = Debug|Any CPU
		{C93B6551-BD7D-4690-ABC0-950DCC0CC9D3}.Release|Any CPU.ActiveCfg = Release|Any CPU
		{C93B6551-BD7D-4690-ABC0-950DCC0CC9D3}.Release|Any CPU.Build.0 = Release|Any CPU
		{0DD26B4C-5E28-4F42-B255-33A4A59370FE}.Debug|Any CPU.ActiveCfg = Debug|Any CPU
		{0DD26B4C-5E28-4F42-B255-33A4A59370FE}.Debug|Any CPU.Build.0 = Debug|Any CPU
		{0DD26B4C-5E28-4F42-B255-33A4A59370FE}.Release|Any CPU.ActiveCfg = Release|Any CPU
		{0DD26B4C-5E28-4F42-B255-33A4A59370FE}.Release|Any CPU.Build.0 = Release|Any CPU
		{16BF7B06-B503-4B78-96C4-E9218ADF1847}.Debug|Any CPU.ActiveCfg = Debug|Any CPU
		{16BF7B06-B503-4B78-96C4-E9218ADF1847}.Debug|Any CPU.Build.0 = Debug|Any CPU
		{16BF7B06-B503-4B78-96C4-E9218ADF1847}.Release|Any CPU.ActiveCfg = Release|Any CPU
		{16BF7B06-B503-4B78-96C4-E9218ADF1847}.Release|Any CPU.Build.0 = Release|Any CPU
		{1D92D41B-F353-433D-9D48-68E7697C7A4C}.Debug|Any CPU.ActiveCfg = Debug|Any CPU
		{1D92D41B-F353-433D-9D48-68E7697C7A4C}.Debug|Any CPU.Build.0 = Debug|Any CPU
		{1D92D41B-F353-433D-9D48-68E7697C7A4C}.Release|Any CPU.ActiveCfg = Release|Any CPU
		{1D92D41B-F353-433D-9D48-68E7697C7A4C}.Release|Any CPU.Build.0 = Release|Any CPU
		{6DD1E943-1E72-4731-8354-9385AF821338}.Debug|Any CPU.ActiveCfg = Debug|Any CPU
		{6DD1E943-1E72-4731-8354-9385AF821338}.Debug|Any CPU.Build.0 = Debug|Any CPU
		{6DD1E943-1E72-4731-8354-9385AF821338}.Release|Any CPU.ActiveCfg = Release|Any CPU
		{6DD1E943-1E72-4731-8354-9385AF821338}.Release|Any CPU.Build.0 = Release|Any CPU
		{07BF12D6-173F-4CA5-9FC4-F973DFF5D07A}.Debug|Any CPU.ActiveCfg = Debug|Any CPU
		{07BF12D6-173F-4CA5-9FC4-F973DFF5D07A}.Debug|Any CPU.Build.0 = Debug|Any CPU
		{07BF12D6-173F-4CA5-9FC4-F973DFF5D07A}.Release|Any CPU.ActiveCfg = Release|Any CPU
		{07BF12D6-173F-4CA5-9FC4-F973DFF5D07A}.Release|Any CPU.Build.0 = Release|Any CPU
		{09943238-5BFD-4C73-BB41-0C75F40AF2F2}.Debug|Any CPU.ActiveCfg = Debug|Any CPU
		{09943238-5BFD-4C73-BB41-0C75F40AF2F2}.Debug|Any CPU.Build.0 = Debug|Any CPU
		{09943238-5BFD-4C73-BB41-0C75F40AF2F2}.Release|Any CPU.ActiveCfg = Release|Any CPU
		{09943238-5BFD-4C73-BB41-0C75F40AF2F2}.Release|Any CPU.Build.0 = Release|Any CPU
		{0749A567-ABE9-49C2-A165-85700DF9FCC1}.Debug|Any CPU.ActiveCfg = Debug|Any CPU
		{0749A567-ABE9-49C2-A165-85700DF9FCC1}.Debug|Any CPU.Build.0 = Debug|Any CPU
		{0749A567-ABE9-49C2-A165-85700DF9FCC1}.Release|Any CPU.ActiveCfg = Release|Any CPU
		{0749A567-ABE9-49C2-A165-85700DF9FCC1}.Release|Any CPU.Build.0 = Release|Any CPU
		{218F6827-E2C7-445B-B161-AD9516F13586}.Debug|Any CPU.ActiveCfg = Debug|Any CPU
		{218F6827-E2C7-445B-B161-AD9516F13586}.Debug|Any CPU.Build.0 = Debug|Any CPU
		{218F6827-E2C7-445B-B161-AD9516F13586}.Release|Any CPU.ActiveCfg = Release|Any CPU
		{218F6827-E2C7-445B-B161-AD9516F13586}.Release|Any CPU.Build.0 = Release|Any CPU
		{9B1A0A47-FFCC-44BB-876F-367B59C77EB2}.Debug|Any CPU.ActiveCfg = Debug|Any CPU
		{9B1A0A47-FFCC-44BB-876F-367B59C77EB2}.Debug|Any CPU.Build.0 = Debug|Any CPU
		{9B1A0A47-FFCC-44BB-876F-367B59C77EB2}.Release|Any CPU.ActiveCfg = Release|Any CPU
		{9B1A0A47-FFCC-44BB-876F-367B59C77EB2}.Release|Any CPU.Build.0 = Release|Any CPU
		{2D345A0E-6312-4BC3-8B99-6000A7B33868}.Debug|Any CPU.ActiveCfg = Debug|Any CPU
		{2D345A0E-6312-4BC3-8B99-6000A7B33868}.Debug|Any CPU.Build.0 = Debug|Any CPU
		{2D345A0E-6312-4BC3-8B99-6000A7B33868}.Release|Any CPU.ActiveCfg = Release|Any CPU
		{2D345A0E-6312-4BC3-8B99-6000A7B33868}.Release|Any CPU.Build.0 = Release|Any CPU
		{9CE25F7F-0E1C-45D9-8066-2D34F55C667F}.Debug|Any CPU.ActiveCfg = Debug|Any CPU
		{9CE25F7F-0E1C-45D9-8066-2D34F55C667F}.Debug|Any CPU.Build.0 = Debug|Any CPU
		{9CE25F7F-0E1C-45D9-8066-2D34F55C667F}.Release|Any CPU.ActiveCfg = Release|Any CPU
		{9CE25F7F-0E1C-45D9-8066-2D34F55C667F}.Release|Any CPU.Build.0 = Release|Any CPU
		{979839A7-E562-4D76-BC1F-C0A64F7CBC5E}.Debug|Any CPU.ActiveCfg = Debug|Any CPU
		{979839A7-E562-4D76-BC1F-C0A64F7CBC5E}.Debug|Any CPU.Build.0 = Debug|Any CPU
		{979839A7-E562-4D76-BC1F-C0A64F7CBC5E}.Release|Any CPU.ActiveCfg = Release|Any CPU
		{979839A7-E562-4D76-BC1F-C0A64F7CBC5E}.Release|Any CPU.Build.0 = Release|Any CPU
		{C345BD90-5446-46EA-A892-4D66D3EB326C}.Debug|Any CPU.ActiveCfg = Debug|Any CPU
		{C345BD90-5446-46EA-A892-4D66D3EB326C}.Debug|Any CPU.Build.0 = Debug|Any CPU
		{C345BD90-5446-46EA-A892-4D66D3EB326C}.Release|Any CPU.ActiveCfg = Release|Any CPU
		{C345BD90-5446-46EA-A892-4D66D3EB326C}.Release|Any CPU.Build.0 = Release|Any CPU
		{064D65EF-0546-4B81-A44F-B674965B16C9}.Debug|Any CPU.ActiveCfg = Debug|Any CPU
		{064D65EF-0546-4B81-A44F-B674965B16C9}.Debug|Any CPU.Build.0 = Debug|Any CPU
		{064D65EF-0546-4B81-A44F-B674965B16C9}.Release|Any CPU.ActiveCfg = Release|Any CPU
		{064D65EF-0546-4B81-A44F-B674965B16C9}.Release|Any CPU.Build.0 = Release|Any CPU
		{A8ACBF89-A5AB-4529-AD93-4BD05A7652F3}.Debug|Any CPU.ActiveCfg = Debug|Any CPU
		{A8ACBF89-A5AB-4529-AD93-4BD05A7652F3}.Debug|Any CPU.Build.0 = Debug|Any CPU
		{A8ACBF89-A5AB-4529-AD93-4BD05A7652F3}.Release|Any CPU.ActiveCfg = Release|Any CPU
		{A8ACBF89-A5AB-4529-AD93-4BD05A7652F3}.Release|Any CPU.Build.0 = Release|Any CPU
		{98B1BCE0-BCCA-4E0E-B7DC-2B2820FFCE51}.Debug|Any CPU.ActiveCfg = Debug|Any CPU
		{98B1BCE0-BCCA-4E0E-B7DC-2B2820FFCE51}.Debug|Any CPU.Build.0 = Debug|Any CPU
		{98B1BCE0-BCCA-4E0E-B7DC-2B2820FFCE51}.Release|Any CPU.ActiveCfg = Release|Any CPU
		{98B1BCE0-BCCA-4E0E-B7DC-2B2820FFCE51}.Release|Any CPU.Build.0 = Release|Any CPU
		{4DCA2944-ABAB-47B0-868A-921D088715D4}.Debug|Any CPU.ActiveCfg = Debug|Any CPU
		{4DCA2944-ABAB-47B0-868A-921D088715D4}.Debug|Any CPU.Build.0 = Debug|Any CPU
		{4DCA2944-ABAB-47B0-868A-921D088715D4}.Release|Any CPU.ActiveCfg = Release|Any CPU
		{4DCA2944-ABAB-47B0-868A-921D088715D4}.Release|Any CPU.Build.0 = Release|Any CPU
	EndGlobalSection
	GlobalSection(SolutionProperties) = preSolution
		HideSolutionNode = FALSE
	EndGlobalSection
	GlobalSection(ExtensibilityGlobals) = postSolution
		SolutionGuid = {AFC07E56-0ACA-477E-B5EC-8EDCA43E9208}
	EndGlobalSection
EndGlobal
