
Microsoft Visual Studio Solution File, Format Version 12.00
# Visual Studio Version 16
VisualStudioVersion = 16.0.31112.23
MinimumVisualStudioVersion = 10.0.40219.1
Project("{9A19103F-16F7-4668-BE54-9A1E7A4F7556}") = "Web.Api", "Web.Api\Web.Api.csproj", "{0422D271-F07A-4056-B41E-24E902EEBED7}"
EndProject
Project("{9A19103F-16F7-4668-BE54-9A1E7A4F7556}") = "Domain", "Domain\Domain.csproj", "{1B7BB904-30A4-4AE2-BB24-6D7F6F3F7A77}"
EndProject
Project("{FAE04EC0-301F-11D3-BF4B-00C04F79EFBC}") = "TestUtils", "TestUtils\TestUtils.csproj", "{1C6AC7F1-BE18-46A0-84F5-09724472D24A}"
EndProject
Project("{2150E333-8FDC-42A3-9474-1A3956D46DE8}") = "Tests", "Tests", "{10114C68-A8A2-4514-9BF4-4188476FCCB7}"
EndProject
Project("{FAE04EC0-301F-11D3-BF4B-00C04F79EFBC}") = "DomainTests", "DomainTests\DomainTests.csproj", "{2E38C8D0-2058-4993-BBF1-941BD19973DD}"
EndProject
Project("{2150E333-8FDC-42A3-9474-1A3956D46DE8}") = "MG.Utils", "MG.Utils", "{9BDA1B89-F524-451B-90D6-E5C94F3F933D}"
EndProject
Project("{FAE04EC0-301F-11D3-BF4B-00C04F79EFBC}") = "MG.Utils", "dotnet-shared-utilities\MG.Utils\MG.Utils.csproj", "{775A0176-A1C4-43FC-9FE2-2ED84BEC8D2B}"
EndProject
Project("{FAE04EC0-301F-11D3-BF4B-00C04F79EFBC}") = "MG.Utils.Abstract", "dotnet-shared-utilities\MG.Utils.Abstract\MG.Utils.Abstract.csproj", "{9AEAE7B2-EED5-47B7-8512-F5EE09CB6F9B}"
EndProject
Project("{FAE04EC0-301F-11D3-BF4B-00C04F79EFBC}") = "MG.Utils.Validation", "dotnet-shared-utilities\MG.Utils.Validation\MG.Utils.Validation.csproj", "{B1BF7A6E-2CBC-4D94-AE72-44FBB744F3C1}"
EndProject
Project("{FAE04EC0-301F-11D3-BF4B-00C04F79EFBC}") = "MG.Utils.Validation.Test", "dotnet-shared-utilities\MG.Utils.Validation.Test\MG.Utils.Validation.Test.csproj", "{1A50A8D1-5F95-4715-AC82-5506454912A3}"
EndProject
Project("{FAE04EC0-301F-11D3-BF4B-00C04F79EFBC}") = "MG.Utils.Abstract.Test", "dotnet-shared-utilities\MG.Utils.Abstract.Test\MG.Utils.Abstract.Test.csproj", "{787407BF-F849-472B-B292-1141DF128094}"
EndProject
Project("{FAE04EC0-301F-11D3-BF4B-00C04F79EFBC}") = "MG.Utils.AspNetCore", "dotnet-shared-utilities\MG.Utils.AspNetCore\MG.Utils.AspNetCore.csproj", "{963084D5-5B0F-4705-8BEF-4EC5579E9ECA}"
EndProject
Project("{FAE04EC0-301F-11D3-BF4B-00C04F79EFBC}") = "MG.Utils.AspNetCore.Middlewares", "dotnet-shared-utilities\MG.Utils.AspNetCore.Middlewares\MG.Utils.AspNetCore.Middlewares.csproj", "{F924BBA4-53FB-4E0D-8522-784F20551BA5}"
EndProject
Project("{FAE04EC0-301F-11D3-BF4B-00C04F79EFBC}") = "MG.Utils.AspNetCore.Redis", "dotnet-shared-utilities\MG.Utils.AspNetCore.Redis\MG.Utils.AspNetCore.Redis.csproj", "{76FA16AE-08C1-4847-8577-4616DC099A3F}"
EndProject
Project("{FAE04EC0-301F-11D3-BF4B-00C04F79EFBC}") = "MG.Utils.AspNetCore.Swagger", "dotnet-shared-utilities\MG.Utils.AspNetCore.Swagger\MG.Utils.AspNetCore.Swagger.csproj", "{FB62887A-62C4-49AB-A880-6F75705346F4}"
EndProject
Project("{FAE04EC0-301F-11D3-BF4B-00C04F79EFBC}") = "MG.Utils.AspNetCore.Test", "dotnet-shared-utilities\MG.Utils.AspNetCore.Test\MG.Utils.AspNetCore.Test.csproj", "{ABE179D9-D4D6-4FFF-9CAF-20DDEB277722}"
EndProject
Project("{FAE04EC0-301F-11D3-BF4B-00C04F79EFBC}") = "MG.Utils.Authentication", "dotnet-shared-utilities\MG.Utils.Authentication\MG.Utils.Authentication.csproj", "{CDAABE4E-4365-41EB-897A-AD7F907A9C05}"
EndProject
Project("{FAE04EC0-301F-11D3-BF4B-00C04F79EFBC}") = "MG.Utils.EFCore", "dotnet-shared-utilities\MG.Utils.EFCore\MG.Utils.EFCore.csproj", "{7D727223-1C41-4CCC-9ECB-33667F0E1B97}"
EndProject
Project("{FAE04EC0-301F-11D3-BF4B-00C04F79EFBC}") = "MG.Utils.Elk.Logging", "dotnet-shared-utilities\MG.Utils.Elk.Logging\MG.Utils.Elk.Logging.csproj", "{37BE47AD-4FEA-490D-91B3-BF9CA7C6F5BB}"
EndProject
Project("{FAE04EC0-301F-11D3-BF4B-00C04F79EFBC}") = "Web.Api.Tests", "Web.Api.Tests\Web.Api.Tests.csproj", "{31237D61-94FF-4307-97B1-C1739C5DCB29}"
EndProject
Project("{FAE04EC0-301F-11D3-BF4B-00C04F79EFBC}") = "MG.Utils.Export", "dotnet-shared-utilities\MG.Utils.Export\MG.Utils.Export.csproj", "{B832C0CB-C495-4B99-AB6A-71880D2C9043}"
EndProject
Project("{FAE04EC0-301F-11D3-BF4B-00C04F79EFBC}") = "MG.Utils.Export.Test", "dotnet-shared-utilities\MG.Utils.Export.Test\MG.Utils.Export.Test.csproj", "{0C4D2E3D-32C3-473F-A448-54292FCDB4B8}"
EndProject
Project("{2150E333-8FDC-42A3-9474-1A3956D46DE8}") = "Items", "Items", "{0613B82A-F688-480D-B644-FED4A8FF9B7D}"
	ProjectSection(SolutionItems) = preProject
		Dockerfile = Dockerfile
		..\docker-compose.deploy.yml = ..\docker-compose.deploy.yml
		..\docker-compose.yml = ..\docker-compose.yml
		..\add-migration.ps1 = ..\add-migration.ps1
		..\infrastructure.ps1 = ..\infrastructure.ps1
	EndProjectSection
EndProject
Global
	GlobalSection(SolutionConfigurationPlatforms) = preSolution
		Debug|Any CPU = Debug|Any CPU
		Release|Any CPU = Release|Any CPU
	EndGlobalSection
	GlobalSection(ProjectConfigurationPlatforms) = postSolution
		{0422D271-F07A-4056-B41E-24E902EEBED7}.Debug|Any CPU.ActiveCfg = Debug|Any CPU
		{0422D271-F07A-4056-B41E-24E902EEBED7}.Debug|Any CPU.Build.0 = Debug|Any CPU
		{0422D271-F07A-4056-B41E-24E902EEBED7}.Release|Any CPU.ActiveCfg = Release|Any CPU
		{0422D271-F07A-4056-B41E-24E902EEBED7}.Release|Any CPU.Build.0 = Release|Any CPU
		{1B7BB904-30A4-4AE2-BB24-6D7F6F3F7A77}.Debug|Any CPU.ActiveCfg = Debug|Any CPU
		{1B7BB904-30A4-4AE2-BB24-6D7F6F3F7A77}.Debug|Any CPU.Build.0 = Debug|Any CPU
		{1B7BB904-30A4-4AE2-BB24-6D7F6F3F7A77}.Release|Any CPU.ActiveCfg = Release|Any CPU
		{1B7BB904-30A4-4AE2-BB24-6D7F6F3F7A77}.Release|Any CPU.Build.0 = Release|Any CPU
		{1C6AC7F1-BE18-46A0-84F5-09724472D24A}.Debug|Any CPU.ActiveCfg = Debug|Any CPU
		{1C6AC7F1-BE18-46A0-84F5-09724472D24A}.Debug|Any CPU.Build.0 = Debug|Any CPU
		{1C6AC7F1-BE18-46A0-84F5-09724472D24A}.Release|Any CPU.ActiveCfg = Release|Any CPU
		{1C6AC7F1-BE18-46A0-84F5-09724472D24A}.Release|Any CPU.Build.0 = Release|Any CPU
		{2E38C8D0-2058-4993-BBF1-941BD19973DD}.Debug|Any CPU.ActiveCfg = Debug|Any CPU
		{2E38C8D0-2058-4993-BBF1-941BD19973DD}.Debug|Any CPU.Build.0 = Debug|Any CPU
		{2E38C8D0-2058-4993-BBF1-941BD19973DD}.Release|Any CPU.ActiveCfg = Release|Any CPU
		{2E38C8D0-2058-4993-BBF1-941BD19973DD}.Release|Any CPU.Build.0 = Release|Any CPU
		{775A0176-A1C4-43FC-9FE2-2ED84BEC8D2B}.Debug|Any CPU.ActiveCfg = Debug|Any CPU
		{775A0176-A1C4-43FC-9FE2-2ED84BEC8D2B}.Debug|Any CPU.Build.0 = Debug|Any CPU
		{775A0176-A1C4-43FC-9FE2-2ED84BEC8D2B}.Release|Any CPU.ActiveCfg = Release|Any CPU
		{775A0176-A1C4-43FC-9FE2-2ED84BEC8D2B}.Release|Any CPU.Build.0 = Release|Any CPU
		{9AEAE7B2-EED5-47B7-8512-F5EE09CB6F9B}.Debug|Any CPU.ActiveCfg = Debug|Any CPU
		{9AEAE7B2-EED5-47B7-8512-F5EE09CB6F9B}.Debug|Any CPU.Build.0 = Debug|Any CPU
		{9AEAE7B2-EED5-47B7-8512-F5EE09CB6F9B}.Release|Any CPU.ActiveCfg = Release|Any CPU
		{9AEAE7B2-EED5-47B7-8512-F5EE09CB6F9B}.Release|Any CPU.Build.0 = Release|Any CPU
		{B1BF7A6E-2CBC-4D94-AE72-44FBB744F3C1}.Debug|Any CPU.ActiveCfg = Debug|Any CPU
		{B1BF7A6E-2CBC-4D94-AE72-44FBB744F3C1}.Debug|Any CPU.Build.0 = Debug|Any CPU
		{B1BF7A6E-2CBC-4D94-AE72-44FBB744F3C1}.Release|Any CPU.ActiveCfg = Release|Any CPU
		{B1BF7A6E-2CBC-4D94-AE72-44FBB744F3C1}.Release|Any CPU.Build.0 = Release|Any CPU
		{1A50A8D1-5F95-4715-AC82-5506454912A3}.Debug|Any CPU.ActiveCfg = Debug|Any CPU
		{1A50A8D1-5F95-4715-AC82-5506454912A3}.Debug|Any CPU.Build.0 = Debug|Any CPU
		{1A50A8D1-5F95-4715-AC82-5506454912A3}.Release|Any CPU.ActiveCfg = Release|Any CPU
		{1A50A8D1-5F95-4715-AC82-5506454912A3}.Release|Any CPU.Build.0 = Release|Any CPU
		{787407BF-F849-472B-B292-1141DF128094}.Debug|Any CPU.ActiveCfg = Debug|Any CPU
		{787407BF-F849-472B-B292-1141DF128094}.Debug|Any CPU.Build.0 = Debug|Any CPU
		{787407BF-F849-472B-B292-1141DF128094}.Release|Any CPU.ActiveCfg = Release|Any CPU
		{787407BF-F849-472B-B292-1141DF128094}.Release|Any CPU.Build.0 = Release|Any CPU
		{963084D5-5B0F-4705-8BEF-4EC5579E9ECA}.Debug|Any CPU.ActiveCfg = Debug|Any CPU
		{963084D5-5B0F-4705-8BEF-4EC5579E9ECA}.Debug|Any CPU.Build.0 = Debug|Any CPU
		{963084D5-5B0F-4705-8BEF-4EC5579E9ECA}.Release|Any CPU.ActiveCfg = Release|Any CPU
		{963084D5-5B0F-4705-8BEF-4EC5579E9ECA}.Release|Any CPU.Build.0 = Release|Any CPU
		{F924BBA4-53FB-4E0D-8522-784F20551BA5}.Debug|Any CPU.ActiveCfg = Debug|Any CPU
		{F924BBA4-53FB-4E0D-8522-784F20551BA5}.Debug|Any CPU.Build.0 = Debug|Any CPU
		{F924BBA4-53FB-4E0D-8522-784F20551BA5}.Release|Any CPU.ActiveCfg = Release|Any CPU
		{F924BBA4-53FB-4E0D-8522-784F20551BA5}.Release|Any CPU.Build.0 = Release|Any CPU
		{76FA16AE-08C1-4847-8577-4616DC099A3F}.Debug|Any CPU.ActiveCfg = Debug|Any CPU
		{76FA16AE-08C1-4847-8577-4616DC099A3F}.Debug|Any CPU.Build.0 = Debug|Any CPU
		{76FA16AE-08C1-4847-8577-4616DC099A3F}.Release|Any CPU.ActiveCfg = Release|Any CPU
		{76FA16AE-08C1-4847-8577-4616DC099A3F}.Release|Any CPU.Build.0 = Release|Any CPU
		{FB62887A-62C4-49AB-A880-6F75705346F4}.Debug|Any CPU.ActiveCfg = Debug|Any CPU
		{FB62887A-62C4-49AB-A880-6F75705346F4}.Debug|Any CPU.Build.0 = Debug|Any CPU
		{FB62887A-62C4-49AB-A880-6F75705346F4}.Release|Any CPU.ActiveCfg = Release|Any CPU
		{FB62887A-62C4-49AB-A880-6F75705346F4}.Release|Any CPU.Build.0 = Release|Any CPU
		{ABE179D9-D4D6-4FFF-9CAF-20DDEB277722}.Debug|Any CPU.ActiveCfg = Debug|Any CPU
		{ABE179D9-D4D6-4FFF-9CAF-20DDEB277722}.Debug|Any CPU.Build.0 = Debug|Any CPU
		{ABE179D9-D4D6-4FFF-9CAF-20DDEB277722}.Release|Any CPU.ActiveCfg = Release|Any CPU
		{ABE179D9-D4D6-4FFF-9CAF-20DDEB277722}.Release|Any CPU.Build.0 = Release|Any CPU
		{CDAABE4E-4365-41EB-897A-AD7F907A9C05}.Debug|Any CPU.ActiveCfg = Debug|Any CPU
		{CDAABE4E-4365-41EB-897A-AD7F907A9C05}.Debug|Any CPU.Build.0 = Debug|Any CPU
		{CDAABE4E-4365-41EB-897A-AD7F907A9C05}.Release|Any CPU.ActiveCfg = Release|Any CPU
		{CDAABE4E-4365-41EB-897A-AD7F907A9C05}.Release|Any CPU.Build.0 = Release|Any CPU
		{7D727223-1C41-4CCC-9ECB-33667F0E1B97}.Debug|Any CPU.ActiveCfg = Debug|Any CPU
		{7D727223-1C41-4CCC-9ECB-33667F0E1B97}.Debug|Any CPU.Build.0 = Debug|Any CPU
		{7D727223-1C41-4CCC-9ECB-33667F0E1B97}.Release|Any CPU.ActiveCfg = Release|Any CPU
		{7D727223-1C41-4CCC-9ECB-33667F0E1B97}.Release|Any CPU.Build.0 = Release|Any CPU
		{37BE47AD-4FEA-490D-91B3-BF9CA7C6F5BB}.Debug|Any CPU.ActiveCfg = Debug|Any CPU
		{37BE47AD-4FEA-490D-91B3-BF9CA7C6F5BB}.Debug|Any CPU.Build.0 = Debug|Any CPU
		{37BE47AD-4FEA-490D-91B3-BF9CA7C6F5BB}.Release|Any CPU.ActiveCfg = Release|Any CPU
		{37BE47AD-4FEA-490D-91B3-BF9CA7C6F5BB}.Release|Any CPU.Build.0 = Release|Any CPU
		{31237D61-94FF-4307-97B1-C1739C5DCB29}.Debug|Any CPU.ActiveCfg = Debug|Any CPU
		{31237D61-94FF-4307-97B1-C1739C5DCB29}.Debug|Any CPU.Build.0 = Debug|Any CPU
		{31237D61-94FF-4307-97B1-C1739C5DCB29}.Release|Any CPU.ActiveCfg = Release|Any CPU
		{31237D61-94FF-4307-97B1-C1739C5DCB29}.Release|Any CPU.Build.0 = Release|Any CPU
		{B832C0CB-C495-4B99-AB6A-71880D2C9043}.Debug|Any CPU.ActiveCfg = Debug|Any CPU
		{B832C0CB-C495-4B99-AB6A-71880D2C9043}.Debug|Any CPU.Build.0 = Debug|Any CPU
		{B832C0CB-C495-4B99-AB6A-71880D2C9043}.Release|Any CPU.ActiveCfg = Release|Any CPU
		{B832C0CB-C495-4B99-AB6A-71880D2C9043}.Release|Any CPU.Build.0 = Release|Any CPU
		{0C4D2E3D-32C3-473F-A448-54292FCDB4B8}.Debug|Any CPU.ActiveCfg = Debug|Any CPU
		{0C4D2E3D-32C3-473F-A448-54292FCDB4B8}.Debug|Any CPU.Build.0 = Debug|Any CPU
		{0C4D2E3D-32C3-473F-A448-54292FCDB4B8}.Release|Any CPU.ActiveCfg = Release|Any CPU
		{0C4D2E3D-32C3-473F-A448-54292FCDB4B8}.Release|Any CPU.Build.0 = Release|Any CPU
	EndGlobalSection
	GlobalSection(SolutionProperties) = preSolution
		HideSolutionNode = FALSE
	EndGlobalSection
	GlobalSection(NestedProjects) = preSolution
		{1C6AC7F1-BE18-46A0-84F5-09724472D24A} = {10114C68-A8A2-4514-9BF4-4188476FCCB7}
		{2E38C8D0-2058-4993-BBF1-941BD19973DD} = {10114C68-A8A2-4514-9BF4-4188476FCCB7}
		{775A0176-A1C4-43FC-9FE2-2ED84BEC8D2B} = {9BDA1B89-F524-451B-90D6-E5C94F3F933D}
		{9AEAE7B2-EED5-47B7-8512-F5EE09CB6F9B} = {9BDA1B89-F524-451B-90D6-E5C94F3F933D}
		{B1BF7A6E-2CBC-4D94-AE72-44FBB744F3C1} = {9BDA1B89-F524-451B-90D6-E5C94F3F933D}
		{1A50A8D1-5F95-4715-AC82-5506454912A3} = {9BDA1B89-F524-451B-90D6-E5C94F3F933D}
		{787407BF-F849-472B-B292-1141DF128094} = {9BDA1B89-F524-451B-90D6-E5C94F3F933D}
		{963084D5-5B0F-4705-8BEF-4EC5579E9ECA} = {9BDA1B89-F524-451B-90D6-E5C94F3F933D}
		{F924BBA4-53FB-4E0D-8522-784F20551BA5} = {9BDA1B89-F524-451B-90D6-E5C94F3F933D}
		{76FA16AE-08C1-4847-8577-4616DC099A3F} = {9BDA1B89-F524-451B-90D6-E5C94F3F933D}
		{FB62887A-62C4-49AB-A880-6F75705346F4} = {9BDA1B89-F524-451B-90D6-E5C94F3F933D}
		{ABE179D9-D4D6-4FFF-9CAF-20DDEB277722} = {9BDA1B89-F524-451B-90D6-E5C94F3F933D}
		{CDAABE4E-4365-41EB-897A-AD7F907A9C05} = {9BDA1B89-F524-451B-90D6-E5C94F3F933D}
		{7D727223-1C41-4CCC-9ECB-33667F0E1B97} = {9BDA1B89-F524-451B-90D6-E5C94F3F933D}
		{37BE47AD-4FEA-490D-91B3-BF9CA7C6F5BB} = {9BDA1B89-F524-451B-90D6-E5C94F3F933D}
		{31237D61-94FF-4307-97B1-C1739C5DCB29} = {10114C68-A8A2-4514-9BF4-4188476FCCB7}
		{B832C0CB-C495-4B99-AB6A-71880D2C9043} = {9BDA1B89-F524-451B-90D6-E5C94F3F933D}
		{0C4D2E3D-32C3-473F-A448-54292FCDB4B8} = {9BDA1B89-F524-451B-90D6-E5C94F3F933D}
	EndGlobalSection
	GlobalSection(ExtensibilityGlobals) = postSolution
		SolutionGuid = {04D2360C-9B46-40AB-8A7E-EC6B82C419EF}
	EndGlobalSection
EndGlobal
